PODS:
  - Alamofire (5.4.1)
  - HNFoundation (1.0.1)

DEPENDENCIES:
  - Alamofire
  - "HNFoundation (from `git@github.com:prof18/hn-foundation-cocoa.git`, tag `1.0.1`)"

SPEC REPOS:
  trunk:
    - Alamofire

EXTERNAL SOURCES:
  HNFoundation:
    :git: "git@github.com:prof18/hn-foundation-cocoa.git"
    :tag: 1.0.1

CHECKOUT OPTIONS:
  HNFoundation:
    :git: "git@github.com:prof18/hn-foundation-cocoa.git"
    :tag: 1.0.1

SPEC CHECKSUMS:
  Alamofire: 2291f7d21ca607c491dd17642e5d40fdcda0e65c
  HNFoundation: 6b21de48266958cba342d451d8539b9ea0199636

PODFILE CHECKSUM: 82db0f8a84532d38d33566fa841055b13881938f

COCOAPODS: 1.10.0
